
Microsoft Visual Studio Solution File, Format Version 12.00
# Visual Studio Version 17
VisualStudioVersion = 17.4.33103.184
MinimumVisualStudioVersion = 10.0.40219.1
Project("{FAE04EC0-301F-11D3-BF4B-00C04F79EFBC}") = "CaveEscape", "CaveEscape\CaveEscape.csproj", "{316273D6-8451-4C6F-AC33-9E6D32F65A34}"
EndProject
Global
	GlobalSection(SolutionConfigurationPlatforms) = preSolution
		Debug|Any CPU = Debug|Any CPU
		Release|Any CPU = Release|Any CPU
	EndGlobalSection
	GlobalSection(ProjectConfigurationPlatforms) = postSolution
		{316273D6-8451-4C6F-AC33-9E6D32F65A34}.Debug|Any CPU.ActiveCfg = Debug|Any CPU
		{316273D6-8451-4C6F-AC33-9E6D32F65A34}.Debug|Any CPU.Build.0 = Debug|Any CPU
		{316273D6-8451-4C6F-AC33-9E6D32F65A34}.Release|Any CPU.ActiveCfg = Release|Any CPU
		{316273D6-8451-4C6F-AC33-9E6D32F65A34}.Release|Any CPU.Build.0 = Release|Any CPU
	EndGlobalSection
	GlobalSection(SolutionProperties) = preSolution
		HideSolutionNode = FALSE
	EndGlobalSection
	GlobalSection(ExtensibilityGlobals) = postSolution
		SolutionGuid = {D166566A-0E76-4DB5-98F7-EB758FEDB124}
	EndGlobalSection
EndGlobal
